
Microsoft Visual Studio Solution File, Format Version 12.00
# Visual Studio 15
VisualStudioVersion = 15.0.27703.2042
MinimumVisualStudioVersion = 10.0.40219.1
Project("{8BC9CEB8-8B4A-11D0-8D11-00A0C91BC942}") = "SMDLVQ", "SMDLVQ.vcxproj", "{66BD1F4B-22F2-4EF2-BF6B-F92315B439AE}"
EndProject
Global
	GlobalSection(SolutionConfigurationPlatforms) = preSolution
		Debug|x64 = Debug|x64
		Debug|x86 = Debug|x86
		Release|x64 = Release|x64
		Release|x86 = Release|x86
	EndGlobalSection
	GlobalSection(ProjectConfigurationPlatforms) = postSolution
		{66BD1F4B-22F2-4EF2-BF6B-F92315B439AE}.Debug|x64.ActiveCfg = Debug|x64
		{66BD1F4B-22F2-4EF2-BF6B-F92315B439AE}.Debug|x64.Build.0 = Debug|x64
		{66BD1F4B-22F2-4EF2-BF6B-F92315B439AE}.Debug|x86.ActiveCfg = Debug|Win32
		{66BD1F4B-22F2-4EF2-BF6B-F92315B439AE}.Debug|x86.Build.0 = Debug|Win32
		{66BD1F4B-22F2-4EF2-BF6B-F92315B439AE}.Release|x64.ActiveCfg = Release|x64
		{66BD1F4B-22F2-4EF2-BF6B-F92315B439AE}.Release|x64.Build.0 = Release|x64
		{66BD1F4B-22F2-4EF2-BF6B-F92315B439AE}.Release|x86.ActiveCfg = Release|Win32
		{66BD1F4B-22F2-4EF2-BF6B-F92315B439AE}.Release|x86.Build.0 = Release|Win32
	EndGlobalSection
	GlobalSection(SolutionProperties) = preSolution
		HideSolutionNode = FALSE
	EndGlobalSection
	GlobalSection(ExtensibilityGlobals) = postSolution
		SolutionGuid = {8ECD1C1E-33E4-436C-8981-CB8112D77A49}
	EndGlobalSection
EndGlobal
